# This file is generated by running "yarn install" inside your project.
# Manual changes might be lost - proceed with caution!

__metadata:
  version: 8
  cacheKey: 10c0

"@aws-sdk/types@npm:^3.4.1":
  version: 3.609.0
  resolution: "@aws-sdk/types@npm:3.609.0"
  dependencies:
    "@smithy/types": "npm:^3.3.0"
    tslib: "npm:^2.6.2"
  checksum: 10c0/293249118c2fc3cdc79ff9712e3a9f757a2f38e7d5d770507b3bb31d22b8c67ed6f9bdd83c1b6319236b8257d5cc7e2882c15e076200021e8bbf41e4780d430c
  languageName: node
  linkType: hard

"@smithy/service-error-classification@npm:^2.0.4":
  version: 2.1.5
  resolution: "@smithy/service-error-classification@npm:2.1.5"
  dependencies:
    "@smithy/types": "npm:^2.12.0"
  checksum: 10c0/e3fb24af5a3a60bf6479bc057bc832f89a0b427650ea2f262220a9627d60d2ab455ad766a2fcceb55fba1b15eddb82b25775fb781c254d2031768f5f8e131e15
  languageName: node
  linkType: hard

"@smithy/types@npm:^2.12.0":
  version: 2.12.0
  resolution: "@smithy/types@npm:2.12.0"
  dependencies:
    tslib: "npm:^2.6.2"
  checksum: 10c0/3530ba5b4f4e52a4028679f73e133af928cf6ea22a16d29669b8c67ea540ed46ab15dc6d391598fbdfd476884cdc57881c480168e2dbe7c5bb007f5afad01531
  languageName: node
  linkType: hard

"@smithy/types@npm:^3.3.0":
  version: 3.3.0
  resolution: "@smithy/types@npm:3.3.0"
  dependencies:
    tslib: "npm:^2.6.2"
  checksum: 10c0/ab2c2d621384a2bbdd31d5c90809395cb5c2a726afd69758895d5a630f932f6ae9a53ca7a9cd5d8c195df9278869b2420a2fb4fada47dee9e8c9d4e3c80a349e
  languageName: node
  linkType: hard

"@types/body-parser@npm:*":
  version: 1.19.5
  resolution: "@types/body-parser@npm:1.19.5"
  dependencies:
    "@types/connect": "npm:*"
    "@types/node": "npm:*"
  checksum: 10c0/aebeb200f25e8818d8cf39cd0209026750d77c9b85381cdd8deeb50913e4d18a1ebe4b74ca9b0b4d21952511eeaba5e9fbbf739b52731a2061e206ec60d568df
  languageName: node
  linkType: hard

"@types/cls-hooked@npm:^4.3.3":
  version: 4.3.8
  resolution: "@types/cls-hooked@npm:4.3.8"
  dependencies:
    "@types/node": "npm:*"
  checksum: 10c0/f7492cbc1baa0965890d02b3b12f8b235f6c9221ca2fa5e7ba5fcab5a47e1aa6abedec08901f283fd82c1eb604e3d66ace76fb00638c22676fe5a4d8a2b7e355
  languageName: node
  linkType: hard

"@types/connect@npm:*":
  version: 3.4.38
  resolution: "@types/connect@npm:3.4.38"
  dependencies:
    "@types/node": "npm:*"
  checksum: 10c0/2e1cdba2c410f25649e77856505cd60223250fa12dff7a503e492208dbfdd25f62859918f28aba95315251fd1f5e1ffbfca1e25e73037189ab85dd3f8d0a148c
  languageName: node
  linkType: hard

"@types/express-serve-static-core@npm:^4.17.33":
  version: 4.19.5
  resolution: "@types/express-serve-static-core@npm:4.19.5"
  dependencies:
    "@types/node": "npm:*"
    "@types/qs": "npm:*"
    "@types/range-parser": "npm:*"
    "@types/send": "npm:*"
  checksum: 10c0/ba8d8d976ab797b2602c60e728802ff0c98a00f13d420d82770f3661b67fa36ea9d3be0b94f2ddd632afe1fbc6e41620008b01db7e4fabdd71a2beb5539b0725
  languageName: node
  linkType: hard

"@types/express@npm:*":
  version: 4.17.21
  resolution: "@types/express@npm:4.17.21"
  dependencies:
    "@types/body-parser": "npm:*"
    "@types/express-serve-static-core": "npm:^4.17.33"
    "@types/qs": "npm:*"
    "@types/serve-static": "npm:*"
  checksum: 10c0/12e562c4571da50c7d239e117e688dc434db1bac8be55613294762f84fd77fbd0658ccd553c7d3ab02408f385bc93980992369dd30e2ecd2c68c358e6af8fabf
  languageName: node
  linkType: hard

"@types/http-errors@npm:*":
  version: 2.0.4
  resolution: "@types/http-errors@npm:2.0.4"
  checksum: 10c0/494670a57ad4062fee6c575047ad5782506dd35a6b9ed3894cea65830a94367bd84ba302eb3dde331871f6d70ca287bfedb1b2cf658e6132cd2cbd427ab56836
  languageName: node
  linkType: hard

"@types/mime@npm:^1":
  version: 1.3.5
  resolution: "@types/mime@npm:1.3.5"
  checksum: 10c0/c2ee31cd9b993804df33a694d5aa3fa536511a49f2e06eeab0b484fef59b4483777dbb9e42a4198a0809ffbf698081fdbca1e5c2218b82b91603dfab10a10fbc
  languageName: node
  linkType: hard

"@types/mysql@npm:*":
  version: 2.15.26
  resolution: "@types/mysql@npm:2.15.26"
  dependencies:
    "@types/node": "npm:*"
  checksum: 10c0/3cf279e7db05d56c0544532a4380b9079f579092379a04c8138bd5cf88dda5b31208ac2d23ce7dbf4e3a3f43aaeed44e72f9f19f726518f308efe95a7435619a
  languageName: node
  linkType: hard

"@types/node@npm:*":
  version: 22.5.2
  resolution: "@types/node@npm:22.5.2"
  dependencies:
    undici-types: "npm:~6.19.2"
  checksum: 10c0/624a7fd76229eacc6c158eb3b9afd55b811d7f01976c5f92c630d5b9d47047cc218928c343988484a165ac400e5eb6fe70ea300fc7242deeb0e920c7724290f6
  languageName: node
  linkType: hard

"@types/pg@npm:*":
  version: 8.11.8
  resolution: "@types/pg@npm:8.11.8"
  dependencies:
    "@types/node": "npm:*"
    pg-protocol: "npm:*"
    pg-types: "npm:^4.0.1"
  checksum: 10c0/040eb04edda338a13dccee47585b4479549fd54561e1bc3768690545adb8708a089b178e04fab9241935d7bad361314fc57af3ad87b391cfb9dc0895dd049763
  languageName: node
  linkType: hard

"@types/qs@npm:*":
  version: 6.9.15
  resolution: "@types/qs@npm:6.9.15"
  checksum: 10c0/49c5ff75ca3adb18a1939310042d273c9fc55920861bd8e5100c8a923b3cda90d759e1a95e18334092da1c8f7b820084687770c83a1ccef04fb2c6908117c823
  languageName: node
  linkType: hard

"@types/range-parser@npm:*":
  version: 1.2.7
  resolution: "@types/range-parser@npm:1.2.7"
  checksum: 10c0/361bb3e964ec5133fa40644a0b942279ed5df1949f21321d77de79f48b728d39253e5ce0408c9c17e4e0fd95ca7899da36841686393b9f7a1e209916e9381a3c
  languageName: node
  linkType: hard

"@types/send@npm:*":
  version: 0.17.4
  resolution: "@types/send@npm:0.17.4"
  dependencies:
    "@types/mime": "npm:^1"
    "@types/node": "npm:*"
  checksum: 10c0/7f17fa696cb83be0a104b04b424fdedc7eaba1c9a34b06027239aba513b398a0e2b7279778af521f516a397ced417c96960e5f50fcfce40c4bc4509fb1a5883c
  languageName: node
  linkType: hard

"@types/serve-static@npm:*":
  version: 1.15.7
  resolution: "@types/serve-static@npm:1.15.7"
  dependencies:
    "@types/http-errors": "npm:*"
    "@types/node": "npm:*"
    "@types/send": "npm:*"
  checksum: 10c0/26ec864d3a626ea627f8b09c122b623499d2221bbf2f470127f4c9ebfe92bd8a6bb5157001372d4c4bd0dd37a1691620217d9dc4df5aa8f779f3fd996b1c60ae
  languageName: node
  linkType: hard

"async-hook-jl@npm:^1.7.6":
  version: 1.7.6
  resolution: "async-hook-jl@npm:1.7.6"
  dependencies:
    stack-chain: "npm:^1.3.7"
  checksum: 10c0/4bd9aee5181fef66e58711c615f9be1e4575848c977ed1a5eff62046b64a6ff5641951a0ea70344c2026d7944674a6e8c1d888f9865e421e9587610e7a3be301
  languageName: node
  linkType: hard

"atomic-batcher@npm:^1.0.2":
  version: 1.0.2
  resolution: "atomic-batcher@npm:1.0.2"
  checksum: 10c0/6511385b61eca9ba1feedd85b78ba601818aba6fffc65ba3ba1b361d32f4a36b2e735c4d65a316568163beeb76bae7a21d3b043c1a1e5e2b5fa116048f5f7d2b
  languageName: node
  linkType: hard

"aws-xray-sdk-core@npm:3.9.0":
  version: 3.9.0
  resolution: "aws-xray-sdk-core@npm:3.9.0"
  dependencies:
    "@aws-sdk/types": "npm:^3.4.1"
    "@smithy/service-error-classification": "npm:^2.0.4"
    "@types/cls-hooked": "npm:^4.3.3"
    atomic-batcher: "npm:^1.0.2"
    cls-hooked: "npm:^4.2.2"
    semver: "npm:^7.5.3"
  checksum: 10c0/b54a1690f0bdf3d0b980d199bc96b3b912ee8c24876c4db1bdfdc5285fc36c661df1792881477f9ac5ceb91e55a74fd5179d6369e6f3779a7d5670cd5dfc5e08
  languageName: node
  linkType: hard

"aws-xray-sdk-express@npm:3.9.0":
  version: 3.9.0
  resolution: "aws-xray-sdk-express@npm:3.9.0"
  dependencies:
    "@types/express": "npm:*"
  peerDependencies:
    aws-xray-sdk-core: ^3.9.0
  checksum: 10c0/c5a8d4ab08a7ebffd35d9290753a7912bd392f9962b2c178e8bcfdd4f7d15ce113fb1f64ea409c8ef1290ebb5ec06888a46992eeee4890f3863841fbd940b4d4
  languageName: node
  linkType: hard

"aws-xray-sdk-mysql@npm:3.9.0":
  version: 3.9.0
  resolution: "aws-xray-sdk-mysql@npm:3.9.0"
  dependencies:
    "@types/mysql": "npm:*"
  peerDependencies:
    aws-xray-sdk-core: ^3.9.0
  checksum: 10c0/718397fdc32f378d99dc1c8bfe715c3c6bb8f975eaab65ebc64b480ce0b6e12c9e35e8de39cc473059f3b827d07099acf0c749b4d8cbd8d3a7d945407c6d97a5
  languageName: node
  linkType: hard

"aws-xray-sdk-postgres@npm:3.9.0":
  version: 3.9.0
  resolution: "aws-xray-sdk-postgres@npm:3.9.0"
  dependencies:
    "@types/pg": "npm:*"
  peerDependencies:
    aws-xray-sdk-core: ^3.9.0
  checksum: 10c0/700e8e9de025043fd99b812d27c091f149e8d78a47cd90ebf3e4c94352db0e6a9668520d877f39d12eda43dd6f8807280eaae66d835953696c2d35353cdb1668
  languageName: node
  linkType: hard

"aws-xray-sdk@npm:^3.9.0":
  version: 3.9.0
  resolution: "aws-xray-sdk@npm:3.9.0"
  dependencies:
    aws-xray-sdk-core: "npm:3.9.0"
    aws-xray-sdk-express: "npm:3.9.0"
    aws-xray-sdk-mysql: "npm:3.9.0"
    aws-xray-sdk-postgres: "npm:3.9.0"
  checksum: 10c0/d3f57e504b1e3c27aa59bbc96a66eded82095d60eda1f445326fba2b2735f46b20f7f7e481fde328f2cfe56e1b7db6d845fc7a867cf21896ca25c77b31da67a9
  languageName: node
  linkType: hard

"buffer-equal-constant-time@npm:1.0.1":
  version: 1.0.1
  resolution: "buffer-equal-constant-time@npm:1.0.1"
  checksum: 10c0/fb2294e64d23c573d0dd1f1e7a466c3e978fe94a4e0f8183937912ca374619773bef8e2aceb854129d2efecbbc515bbd0cc78d2734a3e3031edb0888531bbc8e
  languageName: node
  linkType: hard

"cls-hooked@npm:^4.2.2":
  version: 4.2.2
  resolution: "cls-hooked@npm:4.2.2"
  dependencies:
    async-hook-jl: "npm:^1.7.6"
    emitter-listener: "npm:^1.0.1"
    semver: "npm:^5.4.1"
  checksum: 10c0/ee6c0c837f00aeea0ed6c05f67f64bc3f6d9e2055fbad703e571a588e47fdefc11034a2f99d1657880b000ec4e9657dd752f8be8bc2b55bac8c5ec092afb1b4e
  languageName: node
  linkType: hard

"dotenv@npm:^16.4.5":
  version: 16.4.5
  resolution: "dotenv@npm:16.4.5"
  checksum: 10c0/48d92870076832af0418b13acd6e5a5a3e83bb00df690d9812e94b24aff62b88ade955ac99a05501305b8dc8f1b0ee7638b18493deb6fe93d680e5220936292f
  languageName: node
  linkType: hard

"ecdsa-sig-formatter@npm:1.0.11":
  version: 1.0.11
  resolution: "ecdsa-sig-formatter@npm:1.0.11"
  dependencies:
    safe-buffer: "npm:^5.0.1"
  checksum: 10c0/ebfbf19d4b8be938f4dd4a83b8788385da353d63307ede301a9252f9f7f88672e76f2191618fd8edfc2f24679236064176fab0b78131b161ee73daa37125408c
  languageName: node
  linkType: hard

"emitter-listener@npm:^1.0.1":
  version: 1.1.2
  resolution: "emitter-listener@npm:1.1.2"
  dependencies:
    shimmer: "npm:^1.2.0"
  checksum: 10c0/d16f4f2da4b46cee09c900260d8527c58b32b6e1288c734a561f867dac8bf4da7f6aa429b6db1e5a90f688d754d86456bd22ee99f2fac4d9d955ef6ef8c19e55
  languageName: node
  linkType: hard

"jsonwebtoken@npm:^9.0.2":
  version: 9.0.2
  resolution: "jsonwebtoken@npm:9.0.2"
  dependencies:
    jws: "npm:^3.2.2"
    lodash.includes: "npm:^4.3.0"
    lodash.isboolean: "npm:^3.0.3"
    lodash.isinteger: "npm:^4.0.4"
    lodash.isnumber: "npm:^3.0.3"
    lodash.isplainobject: "npm:^4.0.6"
    lodash.isstring: "npm:^4.0.1"
    lodash.once: "npm:^4.0.0"
    ms: "npm:^2.1.1"
    semver: "npm:^7.5.4"
  checksum: 10c0/d287a29814895e866db2e5a0209ce730cbc158441a0e5a70d5e940eb0d28ab7498c6bf45029cc8b479639bca94056e9a7f254e2cdb92a2f5750c7f358657a131
  languageName: node
  linkType: hard

"jwa@npm:^1.4.1":
  version: 1.4.1
  resolution: "jwa@npm:1.4.1"
  dependencies:
    buffer-equal-constant-time: "npm:1.0.1"
    ecdsa-sig-formatter: "npm:1.0.11"
    safe-buffer: "npm:^5.0.1"
  checksum: 10c0/5c533540bf38702e73cf14765805a94027c66a0aa8b16bc3e89d8d905e61a4ce2791e87e21be97d1293a5ee9d4f3e5e47737e671768265ca4f25706db551d5e9
  languageName: node
  linkType: hard

"jws@npm:^3.2.2":
  version: 3.2.2
  resolution: "jws@npm:3.2.2"
  dependencies:
    jwa: "npm:^1.4.1"
    safe-buffer: "npm:^5.0.1"
  checksum: 10c0/e770704533d92df358adad7d1261fdecad4d7b66fa153ba80d047e03ca0f1f73007ce5ed3fbc04d2eba09ba6e7e6e645f351e08e5ab51614df1b0aa4f384dfff
  languageName: node
  linkType: hard

"lodash.includes@npm:^4.3.0":
  version: 4.3.0
  resolution: "lodash.includes@npm:4.3.0"
  checksum: 10c0/7ca498b9b75bf602d04e48c0adb842dfc7d90f77bcb2a91a2b2be34a723ad24bc1c8b3683ec6b2552a90f216c723cdea530ddb11a3320e08fa38265703978f4b
  languageName: node
  linkType: hard

"lodash.isboolean@npm:^3.0.3":
  version: 3.0.3
  resolution: "lodash.isboolean@npm:3.0.3"
  checksum: 10c0/0aac604c1ef7e72f9a6b798e5b676606042401dd58e49f051df3cc1e3adb497b3d7695635a5cbec4ae5f66456b951fdabe7d6b387055f13267cde521f10ec7f7
  languageName: node
  linkType: hard

"lodash.isinteger@npm:^4.0.4":
  version: 4.0.4
  resolution: "lodash.isinteger@npm:4.0.4"
  checksum: 10c0/4c3e023a2373bf65bf366d3b8605b97ec830bca702a926939bcaa53f8e02789b6a176e7f166b082f9365bfec4121bfeb52e86e9040cb8d450e64c858583f61b7
  languageName: node
  linkType: hard

"lodash.isnumber@npm:^3.0.3":
  version: 3.0.3
  resolution: "lodash.isnumber@npm:3.0.3"
  checksum: 10c0/2d01530513a1ee4f72dd79528444db4e6360588adcb0e2ff663db2b3f642d4bb3d687051ae1115751ca9082db4fdef675160071226ca6bbf5f0c123dbf0aa12d
  languageName: node
  linkType: hard

"lodash.isplainobject@npm:^4.0.6":
  version: 4.0.6
  resolution: "lodash.isplainobject@npm:4.0.6"
  checksum: 10c0/afd70b5c450d1e09f32a737bed06ff85b873ecd3d3d3400458725283e3f2e0bb6bf48e67dbe7a309eb371a822b16a26cca4a63c8c52db3fc7dc9d5f9dd324cbb
  languageName: node
  linkType: hard

"lodash.isstring@npm:^4.0.1":
  version: 4.0.1
  resolution: "lodash.isstring@npm:4.0.1"
  checksum: 10c0/09eaf980a283f9eef58ef95b30ec7fee61df4d6bf4aba3b5f096869cc58f24c9da17900febc8ffd67819b4e29de29793190e88dc96983db92d84c95fa85d1c92
  languageName: node
  linkType: hard

"lodash.once@npm:^4.0.0":
  version: 4.1.1
  resolution: "lodash.once@npm:4.1.1"
  checksum: 10c0/46a9a0a66c45dd812fcc016e46605d85ad599fe87d71a02f6736220554b52ffbe82e79a483ad40f52a8a95755b0d1077fba259da8bfb6694a7abbf4a48f1fc04
  languageName: node
  linkType: hard

"ms@npm:^2.1.1":
  version: 2.1.3
  resolution: "ms@npm:2.1.3"
  checksum: 10c0/d924b57e7312b3b63ad21fc5b3dc0af5e78d61a1fc7cfb5457edaf26326bf62be5307cc87ffb6862ef1c2b33b0233cdb5d4f01c4c958cc0d660948b65a287a48
  languageName: node
  linkType: hard

"obuf@npm:~1.1.2":
  version: 1.1.2
  resolution: "obuf@npm:1.1.2"
  checksum: 10c0/520aaac7ea701618eacf000fc96ae458e20e13b0569845800fc582f81b386731ab22d55354b4915d58171db00e79cfcd09c1638c02f89577ef092b38c65b7d81
  languageName: node
  linkType: hard

"pg-int8@npm:1.0.1":
  version: 1.0.1
  resolution: "pg-int8@npm:1.0.1"
  checksum: 10c0/be6a02d851fc2a4ae3e9de81710d861de3ba35ac927268973eb3cb618873a05b9424656df464dd43bd7dc3fc5295c3f5b3c8349494f87c7af50ec59ef14e0b98
  languageName: node
  linkType: hard

"pg-numeric@npm:1.0.2":
  version: 1.0.2
  resolution: "pg-numeric@npm:1.0.2"
  checksum: 10c0/43dd9884e7b52c79ddc28d2d282d7475fce8bba13452d33c04ceb2e0a65f561edf6699694e8e1c832ff9093770496363183c950dd29608e1bdd98f344b25bca9
  languageName: node
  linkType: hard

"pg-protocol@npm:*":
  version: 1.6.1
  resolution: "pg-protocol@npm:1.6.1"
  checksum: 10c0/7eadef4010ac0a3925c460be7332ca4098a5c6d5181725a62193fcfa800000ae6632d98d814f3989b42cf5fdc3b45e34c714a1959d29174e81e30730e140ae5f
  languageName: node
  linkType: hard

"pg-types@npm:^4.0.1":
  version: 4.0.2
  resolution: "pg-types@npm:4.0.2"
  dependencies:
    pg-int8: "npm:1.0.1"
    pg-numeric: "npm:1.0.2"
    postgres-array: "npm:~3.0.1"
    postgres-bytea: "npm:~3.0.0"
    postgres-date: "npm:~2.1.0"
    postgres-interval: "npm:^3.0.0"
    postgres-range: "npm:^1.1.1"
  checksum: 10c0/780fccda2f3fa2a34e85a72e8e7dadb7d88fbe71ce88f126cb3313f333ad836d02488ec4ff3d94d0c1e5846f735d6e6c6281f8059e6b8919d2180429acaec3e2
  languageName: node
  linkType: hard

"postgres-array@npm:~3.0.1":
  version: 3.0.2
  resolution: "postgres-array@npm:3.0.2"
  checksum: 10c0/644aa071f67a66a59f641f8e623887d2b915bc102a32643e2aa8b54c11acd343c5ad97831ea444dd37bd4b921ba35add4aa2cb0c6b76700a8252c2324aeba5b4
  languageName: node
  linkType: hard

"postgres-bytea@npm:~3.0.0":
  version: 3.0.0
  resolution: "postgres-bytea@npm:3.0.0"
  dependencies:
    obuf: "npm:~1.1.2"
  checksum: 10c0/41c79cc48aa730c5ba3eda6ab989a940034f07a1f57b8f2777dce56f1b8cca16c5870582932b5b10cc605048aef9b6157e06253c871b4717cafc6d00f55376aa
  languageName: node
  linkType: hard

"postgres-date@npm:~2.1.0":
  version: 2.1.0
  resolution: "postgres-date@npm:2.1.0"
  checksum: 10c0/00a7472c10788f6b0d08d24108bf1eb80858de1bd6317740198a564918ea4a69b80c98148167b92ae688abd606483020d0de0dd3a36f3ea9a3e26bbeef3464f4
  languageName: node
  linkType: hard

"postgres-interval@npm:^3.0.0":
  version: 3.0.0
  resolution: "postgres-interval@npm:3.0.0"
  checksum: 10c0/8b570b30ea37c685e26d136d34460f246f98935a1533defc4b53bb05ee23ae3dc7475b718ec7ea607a57894d8c6b4f1adf67ca9cc83a75bdacffd427d5c68de8
  languageName: node
  linkType: hard

"postgres-range@npm:^1.1.1":
  version: 1.1.4
  resolution: "postgres-range@npm:1.1.4"
  checksum: 10c0/254494ef81df208e0adeae6b66ce394aba37914ea14c7ece55a45fb6691b7db04bee74c825380a47c887a9f87158fd3d86f758f9cc60b76d3a38ce5aca7912e8
  languageName: node
  linkType: hard

"root-workspace-0b6124@workspace:.":
  version: 0.0.0-use.local
  resolution: "root-workspace-0b6124@workspace:."
  dependencies:
    aws-xray-sdk: "npm:^3.9.0"
    dotenv: "npm:^16.4.5"
    jsonwebtoken: "npm:^9.0.2"
  languageName: unknown
  linkType: soft

"safe-buffer@npm:^5.0.1":
  version: 5.2.1
  resolution: "safe-buffer@npm:5.2.1"
  checksum: 10c0/6501914237c0a86e9675d4e51d89ca3c21ffd6a31642efeba25ad65720bce6921c9e7e974e5be91a786b25aa058b5303285d3c15dbabf983a919f5f630d349f3
  languageName: node
  linkType: hard

"semver@npm:^5.4.1":
  version: 5.7.2
  resolution: "semver@npm:5.7.2"
  bin:
    semver: bin/semver
  checksum: 10c0/e4cf10f86f168db772ae95d86ba65b3fd6c5967c94d97c708ccb463b778c2ee53b914cd7167620950fc07faf5a564e6efe903836639e512a1aa15fbc9667fa25
  languageName: node
  linkType: hard

"semver@npm:^7.5.3, semver@npm:^7.5.4":
  version: 7.6.3
  resolution: "semver@npm:7.6.3"
  bin:
    semver: bin/semver.js
  checksum: 10c0/88f33e148b210c153873cb08cfe1e281d518aaa9a666d4d148add6560db5cd3c582f3a08ccb91f38d5f379ead256da9931234ed122057f40bb5766e65e58adaf
  languageName: node
  linkType: hard

"shimmer@npm:^1.2.0":
  version: 1.2.1
  resolution: "shimmer@npm:1.2.1"
  checksum: 10c0/ae8b27c389db2a00acfc8da90240f11577685a8f3e40008f826a3bea8b4f3b3ecd305c26be024b4a0fd3b123d132c1569d6e238097960a9a543b6c60760fb46a
  languageName: node
  linkType: hard

"stack-chain@npm:^1.3.7":
  version: 1.3.7
  resolution: "stack-chain@npm:1.3.7"
  checksum: 10c0/3a8693834646c2007d74d3466d6972dc2cfe137cbec40552ded9e3b99607e0037d893b3cbf631f1ff3035ec125772e195f2e0bea2c3d7f126d0e3171db69dc19
  languageName: node
  linkType: hard

"tslib@npm:^2.6.2":
  version: 2.7.0
  resolution: "tslib@npm:2.7.0"
  checksum: 10c0/469e1d5bf1af585742128827000711efa61010b699cb040ab1800bcd3ccdd37f63ec30642c9e07c4439c1db6e46345582614275daca3e0f4abae29b0083f04a6
  languageName: node
  linkType: hard

"undici-types@npm:~6.19.2":
  version: 6.19.8
  resolution: "undici-types@npm:6.19.8"
  checksum: 10c0/078afa5990fba110f6824823ace86073b4638f1d5112ee26e790155f481f2a868cc3e0615505b6f4282bdf74a3d8caad715fd809e870c2bb0704e3ea6082f344
  languageName: node
  linkType: hard
